# THIS IS AN AUTOGENERATED FILE. DO NOT EDIT THIS FILE DIRECTLY.
# yarn lockfile v1


"@napi-rs/triples@^1.0.2":
  version "1.0.2"
  resolved "https://registry.yarnpkg.com/@napi-rs/triples/-/triples-1.0.2.tgz#2ce4c6a78568358772008f564ee5009093d20a19"
  integrity sha512-EL3SiX43m9poFSnhDx4d4fn9SSaqyO2rHsCNhETi9bWPmjXK3uPJ0QpPFtx39FEdHcz1vJmsiW41kqc0AgvtzQ==

"@node-rs/helper@^1.0.0":
  version "1.1.0"
  resolved "https://registry.yarnpkg.com/@node-rs/helper/-/helper-1.1.0.tgz#4fcbbebae3b81932d1ff3e431c7cd3886b504742"
  integrity sha512-r43YnnrY5JNzDuXJdW3sBJrKzvejvFmFWbiItUEoBJsaPzOIWFMhXB7i5j4c9EMXcFfxveF4l7hT+rLmwtjrVQ==
  dependencies:
    "@napi-rs/triples" "^1.0.2"
    tslib "^2.1.0"

"@swc/core-android-arm64@^1.2.52":
  version "1.2.53"
  resolved "https://registry.yarnpkg.com/@swc/core-android-arm64/-/core-android-arm64-1.2.53.tgz#af42b94a343cc96b410d02bec4ba9cc08527de4a"
  integrity sha512-IeHk6NKGreG+EgoNM99r6+J0E1nr5y+kbJt4XRP4Ug9FK2f7cbU3Vqaz2Ru0dYvF/ege6H77JstfALPUdP9zaw==

"@swc/core-darwin-arm64@^1.2.52":
  version "1.2.53"
  resolved "https://registry.yarnpkg.com/@swc/core-darwin-arm64/-/core-darwin-arm64-1.2.53.tgz#80a4912013e0bfe180f8f7a80518febb812ec7a6"
  integrity sha512-Yu8g9xrhRv8VHOF9PTjCZc0qyzjhxtTxRsS1ObbaJ39FHAfQil+AHPXa/eI0RbwUqWP9ALyTkH12Br+XlI0F8Q==

"@swc/core-darwin-x64@^1.2.52":
  version "1.2.53"
  resolved "https://registry.yarnpkg.com/@swc/core-darwin-x64/-/core-darwin-x64-1.2.53.tgz#80846196ff05a80a0eb3a83578971c0ec72c6930"
  integrity sha512-sPi4f2DNRivdOk/Mt4qUTl0FjA3xga0d971tsAtevbe0c11PP8ih3aocdnK0ykjTWLYpVYz+ZBD1WZ9FP0tAUQ==

"@swc/core-linux-arm-gnueabihf@^1.2.52":
  version "1.2.53"
  resolved "https://registry.yarnpkg.com/@swc/core-linux-arm-gnueabihf/-/core-linux-arm-gnueabihf-1.2.53.tgz#f81f63e3687b2993e70d59061306918e44d92ffd"
  integrity sha512-KzYZretivQ6/IV30PJLr4lE5M8d58gv1I2JK5+9o7M3QwJOp+6K0S5f65EUK/Z1jBce5Gz1W7RKICc7Uex6k/A==

"@swc/core-linux-arm64-gnu@^1.2.52":
  version "1.2.53"
  resolved "https://registry.yarnpkg.com/@swc/core-linux-arm64-gnu/-/core-linux-arm64-gnu-1.2.53.tgz#6f938399313ba7bf94c9087ff6e0258027ff115a"
  integrity sha512-0ZDteTlaZfIQ4jgwF3qCvtB1G9/wf86AzbquP1WvgWKSV7RCRonkfN6hjEadBiZNDuSu2eMSUUDT6NDQ3NGFWA==

"@swc/core-linux-x64-gnu@^1.2.52":
  version "1.2.53"
  resolved "https://registry.yarnpkg.com/@swc/core-linux-x64-gnu/-/core-linux-x64-gnu-1.2.53.tgz#6b929370da0aa074908a9a495d1f7ed1df4ad5f6"
  integrity sha512-iY3fZ+Jnjqe6KucvR6ntm9iiB3d7/hFF38m3BolN3go0TDk97FvBfSMmEkrFyS4eGNxsEqO423+heTSUmJp+kA==

"@swc/core-linux-x64-musl@^1.2.52":
  version "1.2.53"
  resolved "https://registry.yarnpkg.com/@swc/core-linux-x64-musl/-/core-linux-x64-musl-1.2.53.tgz#5cae9b195cde0ac90fe350751d958bea9feeef8f"
  integrity sha512-N9o9iifUev4RDwq4KkPKhfy22ES30yi8LRhGdhhvexST61nlUiBGQrl8bZ65aCsfJH/QuSBYm07hxpmdJ7jN+g==

"@swc/core-win32-ia32-msvc@^1.2.52":
  version "1.2.53"
  resolved "https://registry.yarnpkg.com/@swc/core-win32-ia32-msvc/-/core-win32-ia32-msvc-1.2.53.tgz#130e9591792f7b715bf5484c2cd2936972ed6ea9"
  integrity sha512-ZOA7n9+ZNRm4HRsAPr2OwUa7Nd+iESeNaf5BH515qsbp4KDDCy9bH6h7HqgHXaERaCUw7qajFuwYB1GFdc1geg==

"@swc/core-win32-x64-msvc@^1.2.52":
  version "1.2.53"
  resolved "https://registry.yarnpkg.com/@swc/core-win32-x64-msvc/-/core-win32-x64-msvc-1.2.53.tgz#83c829f5b59ad6ea6c1e0d3811ca17875aab982a"
  integrity sha512-b1fBZVKJB2q7ifrUM83bDfD4JLML6/sJjnpv9nLyIsirzBLl4B1UzRaRkCrmfrCYQFIhkoooQswLg0yIhHbhiA==

"@swc/core@^1.2.52":
  version "1.2.52"
  resolved "https://registry.yarnpkg.com/@swc/core/-/core-1.2.52.tgz#ee901646848a846a72cfb11507e39d4f53f27732"
  integrity sha512-ajpgj426yARX07ElLEi10MNq4JrXBMm8zJMqDaZILcM/skjIiRlXfx9Wzt26soi1ETQ4DNqinjoIUqM+10VOFg==
  dependencies:
    "@node-rs/helper" "^1.0.0"
  optionalDependencies:
    "@swc/core-android-arm64" "^1.2.52"
    "@swc/core-darwin-arm64" "^1.2.52"
    "@swc/core-darwin-x64" "^1.2.52"
    "@swc/core-linux-arm-gnueabihf" "^1.2.52"
    "@swc/core-linux-arm64-gnu" "^1.2.52"
    "@swc/core-linux-x64-gnu" "^1.2.52"
    "@swc/core-linux-x64-musl" "^1.2.52"
    "@swc/core-win32-ia32-msvc" "^1.2.52"
    "@swc/core-win32-x64-msvc" "^1.2.52"

tslib@^2.1.0:
  version "2.2.0"
  resolved "https://registry.yarnpkg.com/tslib/-/tslib-2.2.0.tgz#fb2c475977e35e241311ede2693cee1ec6698f5c"
  integrity sha512-gS9GVHRU+RGn5KQM2rllAlR3dU6m7AcpJKdtH8gFvQiC4Otgk98XnmMU+nZenHt/+VhnBPWwgrJsyrdcw6i23w==
